
Microsoft Visual Studio Solution File, Format Version 12.00
# Visual Studio Version 16
VisualStudioVersion = 16.0.30128.74
MinimumVisualStudioVersion = 10.0.40219.1
Project("{9A19103F-16F7-4668-BE54-9A1E7A4F7556}") = "Traderr.Polygon.Mining.Api", "Traderr.Polygon.Mining.Api\Traderr.Polygon.Mining.Api.csproj", "{5B6E9E3B-F052-4664-9A73-012827208A08}"
EndProject
Project("{E53339B2-1760-4266-BCC7-CA923CBCF16C}") = "docker-compose", "docker-compose.dcproj", "{6DBB0A58-F794-4F84-849F-543F27FB6D47}"
EndProject
Global
	GlobalSection(SolutionConfigurationPlatforms) = preSolution
		Debug|Any CPU = Debug|Any CPU
		Docker|Any CPU = Docker|Any CPU
		Release|Any CPU = Release|Any CPU
	EndGlobalSection
	GlobalSection(ProjectConfigurationPlatforms) = postSolution
		{5B6E9E3B-F052-4664-9A73-012827208A08}.Debug|Any CPU.ActiveCfg = Debug|Any CPU
		{5B6E9E3B-F052-4664-9A73-012827208A08}.Debug|Any CPU.Build.0 = Debug|Any CPU
		{5B6E9E3B-F052-4664-9A73-012827208A08}.Docker|Any CPU.ActiveCfg = Docker|Any CPU
		{5B6E9E3B-F052-4664-9A73-012827208A08}.Docker|Any CPU.Build.0 = Docker|Any CPU
		{5B6E9E3B-F052-4664-9A73-012827208A08}.Release|Any CPU.ActiveCfg = Release|Any CPU
		{5B6E9E3B-F052-4664-9A73-012827208A08}.Release|Any CPU.Build.0 = Release|Any CPU
		{6DBB0A58-F794-4F84-849F-543F27FB6D47}.Debug|Any CPU.ActiveCfg = Debug|Any CPU
		{6DBB0A58-F794-4F84-849F-543F27FB6D47}.Debug|Any CPU.Build.0 = Debug|Any CPU
		{6DBB0A58-F794-4F84-849F-543F27FB6D47}.Docker|Any CPU.ActiveCfg = Docker|Any CPU
		{6DBB0A58-F794-4F84-849F-543F27FB6D47}.Docker|Any CPU.Build.0 = Docker|Any CPU
		{6DBB0A58-F794-4F84-849F-543F27FB6D47}.Release|Any CPU.ActiveCfg = Release|Any CPU
		{6DBB0A58-F794-4F84-849F-543F27FB6D47}.Release|Any CPU.Build.0 = Release|Any CPU
	EndGlobalSection
	GlobalSection(SolutionProperties) = preSolution
		HideSolutionNode = FALSE
	EndGlobalSection
	GlobalSection(ExtensibilityGlobals) = postSolution
		SolutionGuid = {1A90CAD6-54CB-4F94-A8CC-E991A7CEA396}
	EndGlobalSection
EndGlobal
